
Microsoft Visual Studio Solution File, Format Version 12.00
# Visual Studio Version 17
VisualStudioVersion = 17.0.31903.59
MinimumVisualStudioVersion = 10.0.40219.1
Project("{2150E333-8FDC-42A3-9474-1A3956D46DE8}") = "src", "src", "{827E0CD3-B72D-47B6-A68D-7590B98EB39B}"
EndProject
Project("{FAE04EC0-301F-11D3-BF4B-00C04F79EFBC}") = "VerseOff.Domain", "src\VerseOff.Domain\VerseOff.Domain.csproj", "{56D2F039-9FBF-435D-BCFC-BED6647EBE09}"
EndProject
Project("{FAE04EC0-301F-11D3-BF4B-00C04F79EFBC}") = "VerseOff.Metadata", "src\VerseOff.Metadata\VerseOff.Metadata.csproj", "{277755A7-E290-46D8-87DA-B1C1C19D37D9}"
EndProject
Project("{FAE04EC0-301F-11D3-BF4B-00C04F79EFBC}") = "VerseOff.Storage", "src\VerseOff.Storage\VerseOff.Storage.csproj", "{04EDA9F5-08EB-47F1-B00D-2D902AF951FB}"
EndProject
Project("{FAE04EC0-301F-11D3-BF4B-00C04F79EFBC}") = "VerseOff.ClientApi", "src\VerseOff.ClientApi\VerseOff.ClientApi.csproj", "{93DB7148-2D13-4600-BD9E-14003114AD9E}"
EndProject
Project("{FAE04EC0-301F-11D3-BF4B-00C04F79EFBC}") = "VerseOff.Sync", "src\VerseOff.Sync\VerseOff.Sync.csproj", "{AA0D8F68-CE57-4F25-A21E-174C035EC218}"
EndProject
Project("{FAE04EC0-301F-11D3-BF4B-00C04F79EFBC}") = "VerseOff.ReadModel", "src\VerseOff.ReadModel\VerseOff.ReadModel.csproj", "{9CBC7C43-13E1-435A-B3DE-B33B3CBE5018}"
EndProject
Project("{FAE04EC0-301F-11D3-BF4B-00C04F79EFBC}") = "VerseOff.Gateway", "src\VerseOff.Gateway\VerseOff.Gateway.csproj", "{FDAAC1EC-AFBC-4370-9A4A-B3535CE24E3F}"
EndProject
Project("{FAE04EC0-301F-11D3-BF4B-00C04F79EFBC}") = "VerseOff.App", "src\VerseOff.App\VerseOff.App.csproj", "{18385CB7-358C-4CF0-AC54-22B6FB338CC6}"
EndProject
Project("{2150E333-8FDC-42A3-9474-1A3956D46DE8}") = "tests", "tests", "{0AB3BF05-4346-4AA6-1389-037BE0695223}"
EndProject
Project("{FAE04EC0-301F-11D3-BF4B-00C04F79EFBC}") = "VerseOff.Domain.Tests", "tests\VerseOff.Domain.Tests\VerseOff.Domain.Tests.csproj", "{941D3305-905C-4D42-AF6D-A0040E111528}"
EndProject
Project("{FAE04EC0-301F-11D3-BF4B-00C04F79EFBC}") = "VerseOff.Metadata.Tests", "tests\VerseOff.Metadata.Tests\VerseOff.Metadata.Tests.csproj", "{751228F4-D4D5-4AEF-AE82-6376565086AF}"
EndProject
Project("{FAE04EC0-301F-11D3-BF4B-00C04F79EFBC}") = "VerseOff.Storage.Tests", "tests\VerseOff.Storage.Tests\VerseOff.Storage.Tests.csproj", "{5240D086-B795-474D-8AA7-9AD2E119DCF5}"
EndProject
Project("{FAE04EC0-301F-11D3-BF4B-00C04F79EFBC}") = "VerseOff.ClientApi.Tests", "tests\VerseOff.ClientApi.Tests\VerseOff.ClientApi.Tests.csproj", "{F51D47C8-80CC-4CEF-B982-6E3F4C5ABC0D}"
EndProject
Project("{FAE04EC0-301F-11D3-BF4B-00C04F79EFBC}") = "VerseOff.Gateway.Tests", "tests\VerseOff.Gateway.Tests\VerseOff.Gateway.Tests.csproj", "{3286E032-BC82-4CC1-BC6B-98CDF6F66954}"
EndProject
Project("{FAE04EC0-301F-11D3-BF4B-00C04F79EFBC}") = "VerseOff.Generator", "src\VerseOff.Generator\VerseOff.Generator.csproj", "{835ADFCA-1542-4435-AAC0-3D9F6F5DC3E8}"
EndProject
Project("{FAE04EC0-301F-11D3-BF4B-00C04F79EFBC}") = "VerseOff.Generator.Tests", "tests\VerseOff.Generator.Tests\VerseOff.Generator.Tests.csproj", "{8053C2F2-056D-4C16-AED5-800037E60B1E}"
EndProject
Project("{FAE04EC0-301F-11D3-BF4B-00C04F79EFBC}") = "VerseOff.Sync.Tests", "tests\VerseOff.Sync.Tests\VerseOff.Sync.Tests.csproj", "{A7D80ECE-4CB5-4359-AA7E-41B18B58290C}"
EndProject
Project("{FAE04EC0-301F-11D3-BF4B-00C04F79EFBC}") = "VerseOff.ReadModel.Tests", "tests\VerseOff.ReadModel.Tests\VerseOff.ReadModel.Tests.csproj", "{881D713B-07BE-4124-B66B-2673C4EE8FCC}"
EndProject
Project("{FAE04EC0-301F-11D3-BF4B-00C04F79EFBC}") = "VerseOff.Controls", "src\VerseOff.Controls\VerseOff.Controls.csproj", "{A2522AFC-1EE6-48AB-ABCE-224D9DA3375F}"
EndProject
Project("{FAE04EC0-301F-11D3-BF4B-00C04F79EFBC}") = "VerseOff.Controls.Tests", "tests\VerseOff.Controls.Tests\VerseOff.Controls.Tests.csproj", "{D157E43F-015B-4D74-A015-CE89C1A411D7}"
EndProject
Project("{FAE04EC0-301F-11D3-BF4B-00C04F79EFBC}") = "VerseOff.Integrations", "src\VerseOff.Integrations\VerseOff.Integrations.csproj", "{37BF4D23-395C-4B4B-8C46-21E1E021F0F5}"
EndProject
Project("{FAE04EC0-301F-11D3-BF4B-00C04F79EFBC}") = "VerseOff.Integrations.Tests", "tests\VerseOff.Integrations.Tests\VerseOff.Integrations.Tests.csproj", "{C55D4376-8933-47EC-968D-2FAD305F635B}"
EndProject
Project("{FAE04EC0-301F-11D3-BF4B-00C04F79EFBC}") = "VerseOff.Customization.Tests", "tests\VerseOff.Customization.Tests\VerseOff.Customization.Tests.csproj", "{4E7FF79A-0C1D-4F97-9F50-65AA7BF49C4F}"
EndProject
Project("{FAE04EC0-301F-11D3-BF4B-00C04F79EFBC}") = "VerseOff.Customization", "src\VerseOff.Customization\VerseOff.Customization.csproj", "{2A152E7C-A7D2-4093-B0D6-3E7501B09220}"
EndProject
Global
	GlobalSection(SolutionConfigurationPlatforms) = preSolution
		Debug|Any CPU = Debug|Any CPU
		Debug|x64 = Debug|x64
		Debug|x86 = Debug|x86
		Release|Any CPU = Release|Any CPU
		Release|x64 = Release|x64
		Release|x86 = Release|x86
	EndGlobalSection
	GlobalSection(ProjectConfigurationPlatforms) = postSolution
		{56D2F039-9FBF-435D-BCFC-BED6647EBE09}.Debug|Any CPU.ActiveCfg = Debug|Any CPU
		{56D2F039-9FBF-435D-BCFC-BED6647EBE09}.Debug|Any CPU.Build.0 = Debug|Any CPU
		{56D2F039-9FBF-435D-BCFC-BED6647EBE09}.Debug|x64.ActiveCfg = Debug|Any CPU
		{56D2F039-9FBF-435D-BCFC-BED6647EBE09}.Debug|x64.Build.0 = Debug|Any CPU
		{56D2F039-9FBF-435D-BCFC-BED6647EBE09}.Debug|x86.ActiveCfg = Debug|Any CPU
		{56D2F039-9FBF-435D-BCFC-BED6647EBE09}.Debug|x86.Build.0 = Debug|Any CPU
		{56D2F039-9FBF-435D-BCFC-BED6647EBE09}.Release|Any CPU.ActiveCfg = Release|Any CPU
		{56D2F039-9FBF-435D-BCFC-BED6647EBE09}.Release|Any CPU.Build.0 = Release|Any CPU
		{56D2F039-9FBF-435D-BCFC-BED6647EBE09}.Release|x64.ActiveCfg = Release|Any CPU
		{56D2F039-9FBF-435D-BCFC-BED6647EBE09}.Release|x64.Build.0 = Release|Any CPU
		{56D2F039-9FBF-435D-BCFC-BED6647EBE09}.Release|x86.ActiveCfg = Release|Any CPU
		{56D2F039-9FBF-435D-BCFC-BED6647EBE09}.Release|x86.Build.0 = Release|Any CPU
		{277755A7-E290-46D8-87DA-B1C1C19D37D9}.Debug|Any CPU.ActiveCfg = Debug|Any CPU
		{277755A7-E290-46D8-87DA-B1C1C19D37D9}.Debug|Any CPU.Build.0 = Debug|Any CPU
		{277755A7-E290-46D8-87DA-B1C1C19D37D9}.Debug|x64.ActiveCfg = Debug|Any CPU
		{277755A7-E290-46D8-87DA-B1C1C19D37D9}.Debug|x64.Build.0 = Debug|Any CPU
		{277755A7-E290-46D8-87DA-B1C1C19D37D9}.Debug|x86.ActiveCfg = Debug|Any CPU
		{277755A7-E290-46D8-87DA-B1C1C19D37D9}.Debug|x86.Build.0 = Debug|Any CPU
		{277755A7-E290-46D8-87DA-B1C1C19D37D9}.Release|Any CPU.ActiveCfg = Release|Any CPU
		{277755A7-E290-46D8-87DA-B1C1C19D37D9}.Release|Any CPU.Build.0 = Release|Any CPU
		{277755A7-E290-46D8-87DA-B1C1C19D37D9}.Release|x64.ActiveCfg = Release|Any CPU
		{277755A7-E290-46D8-87DA-B1C1C19D37D9}.Release|x64.Build.0 = Release|Any CPU
		{277755A7-E290-46D8-87DA-B1C1C19D37D9}.Release|x86.ActiveCfg = Release|Any CPU
		{277755A7-E290-46D8-87DA-B1C1C19D37D9}.Release|x86.Build.0 = Release|Any CPU
		{04EDA9F5-08EB-47F1-B00D-2D902AF951FB}.Debug|Any CPU.ActiveCfg = Debug|Any CPU
		{04EDA9F5-08EB-47F1-B00D-2D902AF951FB}.Debug|Any CPU.Build.0 = Debug|Any CPU
		{04EDA9F5-08EB-47F1-B00D-2D902AF951FB}.Debug|x64.ActiveCfg = Debug|Any CPU
		{04EDA9F5-08EB-47F1-B00D-2D902AF951FB}.Debug|x64.Build.0 = Debug|Any CPU
		{04EDA9F5-08EB-47F1-B00D-2D902AF951FB}.Debug|x86.ActiveCfg = Debug|Any CPU
		{04EDA9F5-08EB-47F1-B00D-2D902AF951FB}.Debug|x86.Build.0 = Debug|Any CPU
		{04EDA9F5-08EB-47F1-B00D-2D902AF951FB}.Release|Any CPU.ActiveCfg = Release|Any CPU
		{04EDA9F5-08EB-47F1-B00D-2D902AF951FB}.Release|Any CPU.Build.0 = Release|Any CPU
		{04EDA9F5-08EB-47F1-B00D-2D902AF951FB}.Release|x64.ActiveCfg = Release|Any CPU
		{04EDA9F5-08EB-47F1-B00D-2D902AF951FB}.Release|x64.Build.0 = Release|Any CPU
		{04EDA9F5-08EB-47F1-B00D-2D902AF951FB}.Release|x86.ActiveCfg = Release|Any CPU
		{04EDA9F5-08EB-47F1-B00D-2D902AF951FB}.Release|x86.Build.0 = Release|Any CPU
		{93DB7148-2D13-4600-BD9E-14003114AD9E}.Debug|Any CPU.ActiveCfg = Debug|Any CPU
		{93DB7148-2D13-4600-BD9E-14003114AD9E}.Debug|Any CPU.Build.0 = Debug|Any CPU
		{93DB7148-2D13-4600-BD9E-14003114AD9E}.Debug|x64.ActiveCfg = Debug|Any CPU
		{93DB7148-2D13-4600-BD9E-14003114AD9E}.Debug|x64.Build.0 = Debug|Any CPU
		{93DB7148-2D13-4600-BD9E-14003114AD9E}.Debug|x86.ActiveCfg = Debug|Any CPU
		{93DB7148-2D13-4600-BD9E-14003114AD9E}.Debug|x86.Build.0 = Debug|Any CPU
		{93DB7148-2D13-4600-BD9E-14003114AD9E}.Release|Any CPU.ActiveCfg = Release|Any CPU
		{93DB7148-2D13-4600-BD9E-14003114AD9E}.Release|Any CPU.Build.0 = Release|Any CPU
		{93DB7148-2D13-4600-BD9E-14003114AD9E}.Release|x64.ActiveCfg = Release|Any CPU
		{93DB7148-2D13-4600-BD9E-14003114AD9E}.Release|x64.Build.0 = Release|Any CPU
		{93DB7148-2D13-4600-BD9E-14003114AD9E}.Release|x86.ActiveCfg = Release|Any CPU
		{93DB7148-2D13-4600-BD9E-14003114AD9E}.Release|x86.Build.0 = Release|Any CPU
		{AA0D8F68-CE57-4F25-A21E-174C035EC218}.Debug|Any CPU.ActiveCfg = Debug|Any CPU
		{AA0D8F68-CE57-4F25-A21E-174C035EC218}.Debug|Any CPU.Build.0 = Debug|Any CPU
		{AA0D8F68-CE57-4F25-A21E-174C035EC218}.Debug|x64.ActiveCfg = Debug|Any CPU
		{AA0D8F68-CE57-4F25-A21E-174C035EC218}.Debug|x64.Build.0 = Debug|Any CPU
		{AA0D8F68-CE57-4F25-A21E-174C035EC218}.Debug|x86.ActiveCfg = Debug|Any CPU
		{AA0D8F68-CE57-4F25-A21E-174C035EC218}.Debug|x86.Build.0 = Debug|Any CPU
		{AA0D8F68-CE57-4F25-A21E-174C035EC218}.Release|Any CPU.ActiveCfg = Release|Any CPU
		{AA0D8F68-CE57-4F25-A21E-174C035EC218}.Release|Any CPU.Build.0 = Release|Any CPU
		{AA0D8F68-CE57-4F25-A21E-174C035EC218}.Release|x64.ActiveCfg = Release|Any CPU
		{AA0D8F68-CE57-4F25-A21E-174C035EC218}.Release|x64.Build.0 = Release|Any CPU
		{AA0D8F68-CE57-4F25-A21E-174C035EC218}.Release|x86.ActiveCfg = Release|Any CPU
		{AA0D8F68-CE57-4F25-A21E-174C035EC218}.Release|x86.Build.0 = Release|Any CPU
		{9CBC7C43-13E1-435A-B3DE-B33B3CBE5018}.Debug|Any CPU.ActiveCfg = Debug|Any CPU
		{9CBC7C43-13E1-435A-B3DE-B33B3CBE5018}.Debug|Any CPU.Build.0 = Debug|Any CPU
		{9CBC7C43-13E1-435A-B3DE-B33B3CBE5018}.Debug|x64.ActiveCfg = Debug|Any CPU
		{9CBC7C43-13E1-435A-B3DE-B33B3CBE5018}.Debug|x64.Build.0 = Debug|Any CPU
		{9CBC7C43-13E1-435A-B3DE-B33B3CBE5018}.Debug|x86.ActiveCfg = Debug|Any CPU
		{9CBC7C43-13E1-435A-B3DE-B33B3CBE5018}.Debug|x86.Build.0 = Debug|Any CPU
		{9CBC7C43-13E1-435A-B3DE-B33B3CBE5018}.Release|Any CPU.ActiveCfg = Release|Any CPU
		{9CBC7C43-13E1-435A-B3DE-B33B3CBE5018}.Release|Any CPU.Build.0 = Release|Any CPU
		{9CBC7C43-13E1-435A-B3DE-B33B3CBE5018}.Release|x64.ActiveCfg = Release|Any CPU
		{9CBC7C43-13E1-435A-B3DE-B33B3CBE5018}.Release|x64.Build.0 = Release|Any CPU
		{9CBC7C43-13E1-435A-B3DE-B33B3CBE5018}.Release|x86.ActiveCfg = Release|Any CPU
		{9CBC7C43-13E1-435A-B3DE-B33B3CBE5018}.Release|x86.Build.0 = Release|Any CPU
		{FDAAC1EC-AFBC-4370-9A4A-B3535CE24E3F}.Debug|Any CPU.ActiveCfg = Debug|Any CPU
		{FDAAC1EC-AFBC-4370-9A4A-B3535CE24E3F}.Debug|Any CPU.Build.0 = Debug|Any CPU
		{FDAAC1EC-AFBC-4370-9A4A-B3535CE24E3F}.Debug|x64.ActiveCfg = Debug|Any CPU
		{FDAAC1EC-AFBC-4370-9A4A-B3535CE24E3F}.Debug|x64.Build.0 = Debug|Any CPU
		{FDAAC1EC-AFBC-4370-9A4A-B3535CE24E3F}.Debug|x86.ActiveCfg = Debug|Any CPU
		{FDAAC1EC-AFBC-4370-9A4A-B3535CE24E3F}.Debug|x86.Build.0 = Debug|Any CPU
		{FDAAC1EC-AFBC-4370-9A4A-B3535CE24E3F}.Release|Any CPU.ActiveCfg = Release|Any CPU
		{FDAAC1EC-AFBC-4370-9A4A-B3535CE24E3F}.Release|Any CPU.Build.0 = Release|Any CPU
		{FDAAC1EC-AFBC-4370-9A4A-B3535CE24E3F}.Release|x64.ActiveCfg = Release|Any CPU
		{FDAAC1EC-AFBC-4370-9A4A-B3535CE24E3F}.Release|x64.Build.0 = Release|Any CPU
		{FDAAC1EC-AFBC-4370-9A4A-B3535CE24E3F}.Release|x86.ActiveCfg = Release|Any CPU
		{FDAAC1EC-AFBC-4370-9A4A-B3535CE24E3F}.Release|x86.Build.0 = Release|Any CPU
		{18385CB7-358C-4CF0-AC54-22B6FB338CC6}.Debug|Any CPU.ActiveCfg = Debug|Any CPU
		{18385CB7-358C-4CF0-AC54-22B6FB338CC6}.Debug|Any CPU.Build.0 = Debug|Any CPU
		{18385CB7-358C-4CF0-AC54-22B6FB338CC6}.Debug|x64.ActiveCfg = Debug|Any CPU
		{18385CB7-358C-4CF0-AC54-22B6FB338CC6}.Debug|x64.Build.0 = Debug|Any CPU
		{18385CB7-358C-4CF0-AC54-22B6FB338CC6}.Debug|x86.ActiveCfg = Debug|Any CPU
		{18385CB7-358C-4CF0-AC54-22B6FB338CC6}.Debug|x86.Build.0 = Debug|Any CPU
		{18385CB7-358C-4CF0-AC54-22B6FB338CC6}.Release|Any CPU.ActiveCfg = Release|Any CPU
		{18385CB7-358C-4CF0-AC54-22B6FB338CC6}.Release|Any CPU.Build.0 = Release|Any CPU
		{18385CB7-358C-4CF0-AC54-22B6FB338CC6}.Release|x64.ActiveCfg = Release|Any CPU
		{18385CB7-358C-4CF0-AC54-22B6FB338CC6}.Release|x64.Build.0 = Release|Any CPU
		{18385CB7-358C-4CF0-AC54-22B6FB338CC6}.Release|x86.ActiveCfg = Release|Any CPU
		{18385CB7-358C-4CF0-AC54-22B6FB338CC6}.Release|x86.Build.0 = Release|Any CPU
		{941D3305-905C-4D42-AF6D-A0040E111528}.Debug|Any CPU.ActiveCfg = Debug|Any CPU
		{941D3305-905C-4D42-AF6D-A0040E111528}.Debug|Any CPU.Build.0 = Debug|Any CPU
		{941D3305-905C-4D42-AF6D-A0040E111528}.Debug|x64.ActiveCfg = Debug|Any CPU
		{941D3305-905C-4D42-AF6D-A0040E111528}.Debug|x64.Build.0 = Debug|Any CPU
		{941D3305-905C-4D42-AF6D-A0040E111528}.Debug|x86.ActiveCfg = Debug|Any CPU
		{941D3305-905C-4D42-AF6D-A0040E111528}.Debug|x86.Build.0 = Debug|Any CPU
		{941D3305-905C-4D42-AF6D-A0040E111528}.Release|Any CPU.ActiveCfg = Release|Any CPU
		{941D3305-905C-4D42-AF6D-A0040E111528}.Release|Any CPU.Build.0 = Release|Any CPU
		{941D3305-905C-4D42-AF6D-A0040E111528}.Release|x64.ActiveCfg = Release|Any CPU
		{941D3305-905C-4D42-AF6D-A0040E111528}.Release|x64.Build.0 = Release|Any CPU
		{941D3305-905C-4D42-AF6D-A0040E111528}.Release|x86.ActiveCfg = Release|Any CPU
		{941D3305-905C-4D42-AF6D-A0040E111528}.Release|x86.Build.0 = Release|Any CPU
		{751228F4-D4D5-4AEF-AE82-6376565086AF}.Debug|Any CPU.ActiveCfg = Debug|Any CPU
		{751228F4-D4D5-4AEF-AE82-6376565086AF}.Debug|Any CPU.Build.0 = Debug|Any CPU
		{751228F4-D4D5-4AEF-AE82-6376565086AF}.Debug|x64.ActiveCfg = Debug|Any CPU
		{751228F4-D4D5-4AEF-AE82-6376565086AF}.Debug|x64.Build.0 = Debug|Any CPU
		{751228F4-D4D5-4AEF-AE82-6376565086AF}.Debug|x86.ActiveCfg = Debug|Any CPU
		{751228F4-D4D5-4AEF-AE82-6376565086AF}.Debug|x86.Build.0 = Debug|Any CPU
		{751228F4-D4D5-4AEF-AE82-6376565086AF}.Release|Any CPU.ActiveCfg = Release|Any CPU
		{751228F4-D4D5-4AEF-AE82-6376565086AF}.Release|Any CPU.Build.0 = Release|Any CPU
		{751228F4-D4D5-4AEF-AE82-6376565086AF}.Release|x64.ActiveCfg = Release|Any CPU
		{751228F4-D4D5-4AEF-AE82-6376565086AF}.Release|x64.Build.0 = Release|Any CPU
		{751228F4-D4D5-4AEF-AE82-6376565086AF}.Release|x86.ActiveCfg = Release|Any CPU
		{751228F4-D4D5-4AEF-AE82-6376565086AF}.Release|x86.Build.0 = Release|Any CPU
		{5240D086-B795-474D-8AA7-9AD2E119DCF5}.Debug|Any CPU.ActiveCfg = Debug|Any CPU
		{5240D086-B795-474D-8AA7-9AD2E119DCF5}.Debug|Any CPU.Build.0 = Debug|Any CPU
		{5240D086-B795-474D-8AA7-9AD2E119DCF5}.Debug|x64.ActiveCfg = Debug|Any CPU
		{5240D086-B795-474D-8AA7-9AD2E119DCF5}.Debug|x64.Build.0 = Debug|Any CPU
		{5240D086-B795-474D-8AA7-9AD2E119DCF5}.Debug|x86.ActiveCfg = Debug|Any CPU
		{5240D086-B795-474D-8AA7-9AD2E119DCF5}.Debug|x86.Build.0 = Debug|Any CPU
		{5240D086-B795-474D-8AA7-9AD2E119DCF5}.Release|Any CPU.ActiveCfg = Release|Any CPU
		{5240D086-B795-474D-8AA7-9AD2E119DCF5}.Release|Any CPU.Build.0 = Release|Any CPU
		{5240D086-B795-474D-8AA7-9AD2E119DCF5}.Release|x64.ActiveCfg = Release|Any CPU
		{5240D086-B795-474D-8AA7-9AD2E119DCF5}.Release|x64.Build.0 = Release|Any CPU
		{5240D086-B795-474D-8AA7-9AD2E119DCF5}.Release|x86.ActiveCfg = Release|Any CPU
		{5240D086-B795-474D-8AA7-9AD2E119DCF5}.Release|x86.Build.0 = Release|Any CPU
		{F51D47C8-80CC-4CEF-B982-6E3F4C5ABC0D}.Debug|Any CPU.ActiveCfg = Debug|Any CPU
		{F51D47C8-80CC-4CEF-B982-6E3F4C5ABC0D}.Debug|Any CPU.Build.0 = Debug|Any CPU
		{F51D47C8-80CC-4CEF-B982-6E3F4C5ABC0D}.Debug|x64.ActiveCfg = Debug|Any CPU
		{F51D47C8-80CC-4CEF-B982-6E3F4C5ABC0D}.Debug|x64.Build.0 = Debug|Any CPU
		{F51D47C8-80CC-4CEF-B982-6E3F4C5ABC0D}.Debug|x86.ActiveCfg = Debug|Any CPU
		{F51D47C8-80CC-4CEF-B982-6E3F4C5ABC0D}.Debug|x86.Build.0 = Debug|Any CPU
		{F51D47C8-80CC-4CEF-B982-6E3F4C5ABC0D}.Release|Any CPU.ActiveCfg = Release|Any CPU
		{F51D47C8-80CC-4CEF-B982-6E3F4C5ABC0D}.Release|Any CPU.Build.0 = Release|Any CPU
		{F51D47C8-80CC-4CEF-B982-6E3F4C5ABC0D}.Release|x64.ActiveCfg = Release|Any CPU
		{F51D47C8-80CC-4CEF-B982-6E3F4C5ABC0D}.Release|x64.Build.0 = Release|Any CPU
		{F51D47C8-80CC-4CEF-B982-6E3F4C5ABC0D}.Release|x86.ActiveCfg = Release|Any CPU
		{F51D47C8-80CC-4CEF-B982-6E3F4C5ABC0D}.Release|x86.Build.0 = Release|Any CPU
		{3286E032-BC82-4CC1-BC6B-98CDF6F66954}.Debug|Any CPU.ActiveCfg = Debug|Any CPU
		{3286E032-BC82-4CC1-BC6B-98CDF6F66954}.Debug|Any CPU.Build.0 = Debug|Any CPU
		{3286E032-BC82-4CC1-BC6B-98CDF6F66954}.Debug|x64.ActiveCfg = Debug|Any CPU
		{3286E032-BC82-4CC1-BC6B-98CDF6F66954}.Debug|x64.Build.0 = Debug|Any CPU
		{3286E032-BC82-4CC1-BC6B-98CDF6F66954}.Debug|x86.ActiveCfg = Debug|Any CPU
		{3286E032-BC82-4CC1-BC6B-98CDF6F66954}.Debug|x86.Build.0 = Debug|Any CPU
		{3286E032-BC82-4CC1-BC6B-98CDF6F66954}.Release|Any CPU.ActiveCfg = Release|Any CPU
		{3286E032-BC82-4CC1-BC6B-98CDF6F66954}.Release|Any CPU.Build.0 = Release|Any CPU
		{3286E032-BC82-4CC1-BC6B-98CDF6F66954}.Release|x64.ActiveCfg = Release|Any CPU
		{3286E032-BC82-4CC1-BC6B-98CDF6F66954}.Release|x64.Build.0 = Release|Any CPU
		{3286E032-BC82-4CC1-BC6B-98CDF6F66954}.Release|x86.ActiveCfg = Release|Any CPU
		{3286E032-BC82-4CC1-BC6B-98CDF6F66954}.Release|x86.Build.0 = Release|Any CPU
		{835ADFCA-1542-4435-AAC0-3D9F6F5DC3E8}.Debug|Any CPU.ActiveCfg = Debug|Any CPU
		{835ADFCA-1542-4435-AAC0-3D9F6F5DC3E8}.Debug|Any CPU.Build.0 = Debug|Any CPU
		{835ADFCA-1542-4435-AAC0-3D9F6F5DC3E8}.Debug|x64.ActiveCfg = Debug|Any CPU
		{835ADFCA-1542-4435-AAC0-3D9F6F5DC3E8}.Debug|x64.Build.0 = Debug|Any CPU
		{835ADFCA-1542-4435-AAC0-3D9F6F5DC3E8}.Debug|x86.ActiveCfg = Debug|Any CPU
		{835ADFCA-1542-4435-AAC0-3D9F6F5DC3E8}.Debug|x86.Build.0 = Debug|Any CPU
		{835ADFCA-1542-4435-AAC0-3D9F6F5DC3E8}.Release|Any CPU.ActiveCfg = Release|Any CPU
		{835ADFCA-1542-4435-AAC0-3D9F6F5DC3E8}.Release|Any CPU.Build.0 = Release|Any CPU
		{835ADFCA-1542-4435-AAC0-3D9F6F5DC3E8}.Release|x64.ActiveCfg = Release|Any CPU
		{835ADFCA-1542-4435-AAC0-3D9F6F5DC3E8}.Release|x64.Build.0 = Release|Any CPU
		{835ADFCA-1542-4435-AAC0-3D9F6F5DC3E8}.Release|x86.ActiveCfg = Release|Any CPU
		{835ADFCA-1542-4435-AAC0-3D9F6F5DC3E8}.Release|x86.Build.0 = Release|Any CPU
		{8053C2F2-056D-4C16-AED5-800037E60B1E}.Debug|Any CPU.ActiveCfg = Debug|Any CPU
		{8053C2F2-056D-4C16-AED5-800037E60B1E}.Debug|Any CPU.Build.0 = Debug|Any CPU
		{8053C2F2-056D-4C16-AED5-800037E60B1E}.Debug|x64.ActiveCfg = Debug|Any CPU
		{8053C2F2-056D-4C16-AED5-800037E60B1E}.Debug|x64.Build.0 = Debug|Any CPU
		{8053C2F2-056D-4C16-AED5-800037E60B1E}.Debug|x86.ActiveCfg = Debug|Any CPU
		{8053C2F2-056D-4C16-AED5-800037E60B1E}.Debug|x86.Build.0 = Debug|Any CPU
		{8053C2F2-056D-4C16-AED5-800037E60B1E}.Release|Any CPU.ActiveCfg = Release|Any CPU
		{8053C2F2-056D-4C16-AED5-800037E60B1E}.Release|Any CPU.Build.0 = Release|Any CPU
		{8053C2F2-056D-4C16-AED5-800037E60B1E}.Release|x64.ActiveCfg = Release|Any CPU
		{8053C2F2-056D-4C16-AED5-800037E60B1E}.Release|x64.Build.0 = Release|Any CPU
		{8053C2F2-056D-4C16-AED5-800037E60B1E}.Release|x86.ActiveCfg = Release|Any CPU
		{8053C2F2-056D-4C16-AED5-800037E60B1E}.Release|x86.Build.0 = Release|Any CPU
		{A7D80ECE-4CB5-4359-AA7E-41B18B58290C}.Debug|Any CPU.ActiveCfg = Debug|Any CPU
		{A7D80ECE-4CB5-4359-AA7E-41B18B58290C}.Debug|Any CPU.Build.0 = Debug|Any CPU
		{A7D80ECE-4CB5-4359-AA7E-41B18B58290C}.Debug|x64.ActiveCfg = Debug|Any CPU
		{A7D80ECE-4CB5-4359-AA7E-41B18B58290C}.Debug|x64.Build.0 = Debug|Any CPU
		{A7D80ECE-4CB5-4359-AA7E-41B18B58290C}.Debug|x86.ActiveCfg = Debug|Any CPU
		{A7D80ECE-4CB5-4359-AA7E-41B18B58290C}.Debug|x86.Build.0 = Debug|Any CPU
		{A7D80ECE-4CB5-4359-AA7E-41B18B58290C}.Release|Any CPU.ActiveCfg = Release|Any CPU
		{A7D80ECE-4CB5-4359-AA7E-41B18B58290C}.Release|Any CPU.Build.0 = Release|Any CPU
		{A7D80ECE-4CB5-4359-AA7E-41B18B58290C}.Release|x64.ActiveCfg = Release|Any CPU
		{A7D80ECE-4CB5-4359-AA7E-41B18B58290C}.Release|x64.Build.0 = Release|Any CPU
		{A7D80ECE-4CB5-4359-AA7E-41B18B58290C}.Release|x86.ActiveCfg = Release|Any CPU
		{A7D80ECE-4CB5-4359-AA7E-41B18B58290C}.Release|x86.Build.0 = Release|Any CPU
		{881D713B-07BE-4124-B66B-2673C4EE8FCC}.Debug|Any CPU.ActiveCfg = Debug|Any CPU
		{881D713B-07BE-4124-B66B-2673C4EE8FCC}.Debug|Any CPU.Build.0 = Debug|Any CPU
		{881D713B-07BE-4124-B66B-2673C4EE8FCC}.Debug|x64.ActiveCfg = Debug|Any CPU
		{881D713B-07BE-4124-B66B-2673C4EE8FCC}.Debug|x64.Build.0 = Debug|Any CPU
		{881D713B-07BE-4124-B66B-2673C4EE8FCC}.Debug|x86.ActiveCfg = Debug|Any CPU
		{881D713B-07BE-4124-B66B-2673C4EE8FCC}.Debug|x86.Build.0 = Debug|Any CPU
		{881D713B-07BE-4124-B66B-2673C4EE8FCC}.Release|Any CPU.ActiveCfg = Release|Any CPU
		{881D713B-07BE-4124-B66B-2673C4EE8FCC}.Release|Any CPU.Build.0 = Release|Any CPU
		{881D713B-07BE-4124-B66B-2673C4EE8FCC}.Release|x64.ActiveCfg = Release|Any CPU
		{881D713B-07BE-4124-B66B-2673C4EE8FCC}.Release|x64.Build.0 = Release|Any CPU
		{881D713B-07BE-4124-B66B-2673C4EE8FCC}.Release|x86.ActiveCfg = Release|Any CPU
		{881D713B-07BE-4124-B66B-2673C4EE8FCC}.Release|x86.Build.0 = Release|Any CPU
		{A2522AFC-1EE6-48AB-ABCE-224D9DA3375F}.Debug|Any CPU.ActiveCfg = Debug|Any CPU
		{A2522AFC-1EE6-48AB-ABCE-224D9DA3375F}.Debug|Any CPU.Build.0 = Debug|Any CPU
		{A2522AFC-1EE6-48AB-ABCE-224D9DA3375F}.Debug|x64.ActiveCfg = Debug|Any CPU
		{A2522AFC-1EE6-48AB-ABCE-224D9DA3375F}.Debug|x64.Build.0 = Debug|Any CPU
		{A2522AFC-1EE6-48AB-ABCE-224D9DA3375F}.Debug|x86.ActiveCfg = Debug|Any CPU
		{A2522AFC-1EE6-48AB-ABCE-224D9DA3375F}.Debug|x86.Build.0 = Debug|Any CPU
		{A2522AFC-1EE6-48AB-ABCE-224D9DA3375F}.Release|Any CPU.ActiveCfg = Release|Any CPU
		{A2522AFC-1EE6-48AB-ABCE-224D9DA3375F}.Release|Any CPU.Build.0 = Release|Any CPU
		{A2522AFC-1EE6-48AB-ABCE-224D9DA3375F}.Release|x64.ActiveCfg = Release|Any CPU
		{A2522AFC-1EE6-48AB-ABCE-224D9DA3375F}.Release|x64.Build.0 = Release|Any CPU
		{A2522AFC-1EE6-48AB-ABCE-224D9DA3375F}.Release|x86.ActiveCfg = Release|Any CPU
		{A2522AFC-1EE6-48AB-ABCE-224D9DA3375F}.Release|x86.Build.0 = Release|Any CPU
		{D157E43F-015B-4D74-A015-CE89C1A411D7}.Debug|Any CPU.ActiveCfg = Debug|Any CPU
		{D157E43F-015B-4D74-A015-CE89C1A411D7}.Debug|Any CPU.Build.0 = Debug|Any CPU
		{D157E43F-015B-4D74-A015-CE89C1A411D7}.Debug|x64.ActiveCfg = Debug|Any CPU
		{D157E43F-015B-4D74-A015-CE89C1A411D7}.Debug|x64.Build.0 = Debug|Any CPU
		{D157E43F-015B-4D74-A015-CE89C1A411D7}.Debug|x86.ActiveCfg = Debug|Any CPU
		{D157E43F-015B-4D74-A015-CE89C1A411D7}.Debug|x86.Build.0 = Debug|Any CPU
		{D157E43F-015B-4D74-A015-CE89C1A411D7}.Release|Any CPU.ActiveCfg = Release|Any CPU
		{D157E43F-015B-4D74-A015-CE89C1A411D7}.Release|Any CPU.Build.0 = Release|Any CPU
		{D157E43F-015B-4D74-A015-CE89C1A411D7}.Release|x64.ActiveCfg = Release|Any CPU
		{D157E43F-015B-4D74-A015-CE89C1A411D7}.Release|x64.Build.0 = Release|Any CPU
		{D157E43F-015B-4D74-A015-CE89C1A411D7}.Release|x86.ActiveCfg = Release|Any CPU
		{D157E43F-015B-4D74-A015-CE89C1A411D7}.Release|x86.Build.0 = Release|Any CPU
		{37BF4D23-395C-4B4B-8C46-21E1E021F0F5}.Debug|Any CPU.ActiveCfg = Debug|Any CPU
		{37BF4D23-395C-4B4B-8C46-21E1E021F0F5}.Debug|Any CPU.Build.0 = Debug|Any CPU
		{37BF4D23-395C-4B4B-8C46-21E1E021F0F5}.Debug|x64.ActiveCfg = Debug|Any CPU
		{37BF4D23-395C-4B4B-8C46-21E1E021F0F5}.Debug|x64.Build.0 = Debug|Any CPU
		{37BF4D23-395C-4B4B-8C46-21E1E021F0F5}.Debug|x86.ActiveCfg = Debug|Any CPU
		{37BF4D23-395C-4B4B-8C46-21E1E021F0F5}.Debug|x86.Build.0 = Debug|Any CPU
		{37BF4D23-395C-4B4B-8C46-21E1E021F0F5}.Release|Any CPU.ActiveCfg = Release|Any CPU
		{37BF4D23-395C-4B4B-8C46-21E1E021F0F5}.Release|Any CPU.Build.0 = Release|Any CPU
		{37BF4D23-395C-4B4B-8C46-21E1E021F0F5}.Release|x64.ActiveCfg = Release|Any CPU
		{37BF4D23-395C-4B4B-8C46-21E1E021F0F5}.Release|x64.Build.0 = Release|Any CPU
		{37BF4D23-395C-4B4B-8C46-21E1E021F0F5}.Release|x86.ActiveCfg = Release|Any CPU
		{37BF4D23-395C-4B4B-8C46-21E1E021F0F5}.Release|x86.Build.0 = Release|Any CPU
		{C55D4376-8933-47EC-968D-2FAD305F635B}.Debug|Any CPU.ActiveCfg = Debug|Any CPU
		{C55D4376-8933-47EC-968D-2FAD305F635B}.Debug|Any CPU.Build.0 = Debug|Any CPU
		{C55D4376-8933-47EC-968D-2FAD305F635B}.Debug|x64.ActiveCfg = Debug|Any CPU
		{C55D4376-8933-47EC-968D-2FAD305F635B}.Debug|x64.Build.0 = Debug|Any CPU
		{C55D4376-8933-47EC-968D-2FAD305F635B}.Debug|x86.ActiveCfg = Debug|Any CPU
		{C55D4376-8933-47EC-968D-2FAD305F635B}.Debug|x86.Build.0 = Debug|Any CPU
		{C55D4376-8933-47EC-968D-2FAD305F635B}.Release|Any CPU.ActiveCfg = Release|Any CPU
		{C55D4376-8933-47EC-968D-2FAD305F635B}.Release|Any CPU.Build.0 = Release|Any CPU
		{C55D4376-8933-47EC-968D-2FAD305F635B}.Release|x64.ActiveCfg = Release|Any CPU
		{C55D4376-8933-47EC-968D-2FAD305F635B}.Release|x64.Build.0 = Release|Any CPU
		{C55D4376-8933-47EC-968D-2FAD305F635B}.Release|x86.ActiveCfg = Release|Any CPU
		{C55D4376-8933-47EC-968D-2FAD305F635B}.Release|x86.Build.0 = Release|Any CPU
		{4E7FF79A-0C1D-4F97-9F50-65AA7BF49C4F}.Debug|Any CPU.ActiveCfg = Debug|Any CPU
		{4E7FF79A-0C1D-4F97-9F50-65AA7BF49C4F}.Debug|Any CPU.Build.0 = Debug|Any CPU
		{4E7FF79A-0C1D-4F97-9F50-65AA7BF49C4F}.Debug|x64.ActiveCfg = Debug|Any CPU
		{4E7FF79A-0C1D-4F97-9F50-65AA7BF49C4F}.Debug|x64.Build.0 = Debug|Any CPU
		{4E7FF79A-0C1D-4F97-9F50-65AA7BF49C4F}.Debug|x86.ActiveCfg = Debug|Any CPU
		{4E7FF79A-0C1D-4F97-9F50-65AA7BF49C4F}.Debug|x86.Build.0 = Debug|Any CPU
		{4E7FF79A-0C1D-4F97-9F50-65AA7BF49C4F}.Release|Any CPU.ActiveCfg = Release|Any CPU
		{4E7FF79A-0C1D-4F97-9F50-65AA7BF49C4F}.Release|Any CPU.Build.0 = Release|Any CPU
		{4E7FF79A-0C1D-4F97-9F50-65AA7BF49C4F}.Release|x64.ActiveCfg = Release|Any CPU
		{4E7FF79A-0C1D-4F97-9F50-65AA7BF49C4F}.Release|x64.Build.0 = Release|Any CPU
		{4E7FF79A-0C1D-4F97-9F50-65AA7BF49C4F}.Release|x86.ActiveCfg = Release|Any CPU
		{4E7FF79A-0C1D-4F97-9F50-65AA7BF49C4F}.Release|x86.Build.0 = Release|Any CPU
		{2A152E7C-A7D2-4093-B0D6-3E7501B09220}.Debug|Any CPU.ActiveCfg = Debug|Any CPU
		{2A152E7C-A7D2-4093-B0D6-3E7501B09220}.Debug|Any CPU.Build.0 = Debug|Any CPU
		{2A152E7C-A7D2-4093-B0D6-3E7501B09220}.Debug|x64.ActiveCfg = Debug|Any CPU
		{2A152E7C-A7D2-4093-B0D6-3E7501B09220}.Debug|x64.Build.0 = Debug|Any CPU
		{2A152E7C-A7D2-4093-B0D6-3E7501B09220}.Debug|x86.ActiveCfg = Debug|Any CPU
		{2A152E7C-A7D2-4093-B0D6-3E7501B09220}.Debug|x86.Build.0 = Debug|Any CPU
		{2A152E7C-A7D2-4093-B0D6-3E7501B09220}.Release|Any CPU.ActiveCfg = Release|Any CPU
		{2A152E7C-A7D2-4093-B0D6-3E7501B09220}.Release|Any CPU.Build.0 = Release|Any CPU
		{2A152E7C-A7D2-4093-B0D6-3E7501B09220}.Release|x64.ActiveCfg = Release|Any CPU
		{2A152E7C-A7D2-4093-B0D6-3E7501B09220}.Release|x64.Build.0 = Release|Any CPU
		{2A152E7C-A7D2-4093-B0D6-3E7501B09220}.Release|x86.ActiveCfg = Release|Any CPU
		{2A152E7C-A7D2-4093-B0D6-3E7501B09220}.Release|x86.Build.0 = Release|Any CPU
	EndGlobalSection
	GlobalSection(SolutionProperties) = preSolution
		HideSolutionNode = FALSE
	EndGlobalSection
	GlobalSection(NestedProjects) = preSolution
		{56D2F039-9FBF-435D-BCFC-BED6647EBE09} = {827E0CD3-B72D-47B6-A68D-7590B98EB39B}
		{277755A7-E290-46D8-87DA-B1C1C19D37D9} = {827E0CD3-B72D-47B6-A68D-7590B98EB39B}
		{04EDA9F5-08EB-47F1-B00D-2D902AF951FB} = {827E0CD3-B72D-47B6-A68D-7590B98EB39B}
		{93DB7148-2D13-4600-BD9E-14003114AD9E} = {827E0CD3-B72D-47B6-A68D-7590B98EB39B}
		{AA0D8F68-CE57-4F25-A21E-174C035EC218} = {827E0CD3-B72D-47B6-A68D-7590B98EB39B}
		{9CBC7C43-13E1-435A-B3DE-B33B3CBE5018} = {827E0CD3-B72D-47B6-A68D-7590B98EB39B}
		{FDAAC1EC-AFBC-4370-9A4A-B3535CE24E3F} = {827E0CD3-B72D-47B6-A68D-7590B98EB39B}
		{18385CB7-358C-4CF0-AC54-22B6FB338CC6} = {827E0CD3-B72D-47B6-A68D-7590B98EB39B}
		{941D3305-905C-4D42-AF6D-A0040E111528} = {0AB3BF05-4346-4AA6-1389-037BE0695223}
		{751228F4-D4D5-4AEF-AE82-6376565086AF} = {0AB3BF05-4346-4AA6-1389-037BE0695223}
		{5240D086-B795-474D-8AA7-9AD2E119DCF5} = {0AB3BF05-4346-4AA6-1389-037BE0695223}
		{F51D47C8-80CC-4CEF-B982-6E3F4C5ABC0D} = {0AB3BF05-4346-4AA6-1389-037BE0695223}
		{3286E032-BC82-4CC1-BC6B-98CDF6F66954} = {0AB3BF05-4346-4AA6-1389-037BE0695223}
		{835ADFCA-1542-4435-AAC0-3D9F6F5DC3E8} = {827E0CD3-B72D-47B6-A68D-7590B98EB39B}
		{8053C2F2-056D-4C16-AED5-800037E60B1E} = {0AB3BF05-4346-4AA6-1389-037BE0695223}
		{A7D80ECE-4CB5-4359-AA7E-41B18B58290C} = {0AB3BF05-4346-4AA6-1389-037BE0695223}
		{881D713B-07BE-4124-B66B-2673C4EE8FCC} = {0AB3BF05-4346-4AA6-1389-037BE0695223}
		{A2522AFC-1EE6-48AB-ABCE-224D9DA3375F} = {827E0CD3-B72D-47B6-A68D-7590B98EB39B}
		{D157E43F-015B-4D74-A015-CE89C1A411D7} = {0AB3BF05-4346-4AA6-1389-037BE0695223}
		{37BF4D23-395C-4B4B-8C46-21E1E021F0F5} = {827E0CD3-B72D-47B6-A68D-7590B98EB39B}
		{C55D4376-8933-47EC-968D-2FAD305F635B} = {0AB3BF05-4346-4AA6-1389-037BE0695223}
		{4E7FF79A-0C1D-4F97-9F50-65AA7BF49C4F} = {0AB3BF05-4346-4AA6-1389-037BE0695223}
		{2A152E7C-A7D2-4093-B0D6-3E7501B09220} = {827E0CD3-B72D-47B6-A68D-7590B98EB39B}
	EndGlobalSection
EndGlobal
